{
  "name": "credit-pdf-to-csv",
  "version": "0.0.1",
  "lockfileVersion": 2,
  "requires": true,
  "packages": {
    "": {
      "name": "credit-pdf-to-csv",
      "version": "0.0.1",
      "license": "ISC",
      "dependencies": {
        "@json2csv/plainjs": "^6.1.2",
        "minimist": "^1.2.6",
        "pdf-to-text": "git+https://github.com/quinton-j/pdf-to-text.git#layout-options"
      }
    },
    "node_modules/@json2csv/formatters": {
      "version": "6.1.2",
      "resolved": "https://registry.npmjs.org/@json2csv/formatters/-/formatters-6.1.2.tgz",
      "integrity": "sha512-l8i5EdQvHZHrtSgRFEXMkRnIn8CBopT/ecZSIyPKuee9+pm/Sxcb/r/N2jQWARnOQc7uyqQWAtpPpxU7HhZ2tg=="
    },
    "node_modules/@json2csv/plainjs": {
      "version": "6.1.2",
      "resolved": "https://registry.npmjs.org/@json2csv/plainjs/-/plainjs-6.1.2.tgz",
      "integrity": "sha512-XNcBd6W4G5mlP6ZL13idEx21diQAM5AJgIe78RxRfZctWRppaZrtpiGTzhc/sNv7UM1FpfO/aa5wel4+aQW7MQ==",
      "dependencies": {
        "@json2csv/formatters": "^6.1.2",
        "@streamparser/json": "^0.0.10",
        "lodash.get": "^4.4.2"
      }
    },
    "node_modules/@streamparser/json": {
      "version": "0.0.10",
      "resolved": "https://registry.npmjs.org/@streamparser/json/-/json-0.0.10.tgz",
      "integrity": "sha512-juqNFdqqmY/nvsODq1Vba7PWIaqr01VcqICIrxbws97QKSQhQUMml8FqdHLmevwVpqH39H5mVXKFWiWCi1ke0w=="
    },
    "node_modules/lodash.get": {
      "version": "4.4.2",
      "resolved": "https://registry.npmjs.org/lodash.get/-/lodash.get-4.4.2.tgz",
      "integrity": "sha512-z+Uw/vLuy6gQe8cfaFWD7p0wVv8fJl3mbzXh33RS+0oW2wvUqiRXiQ69gLWSLpgB5/6sU+r6BlQR0MBILadqTQ=="
    },
    "node_modules/minimist": {
      "version": "1.2.7",
      "resolved": "https://registry.npmjs.org/minimist/-/minimist-1.2.7.tgz",
      "integrity": "sha512-bzfL1YUZsP41gmu/qjrEk0Q6i2ix/cVeAhbCbqH9u3zYutS1cLg00qhrD0M2MVdCcx4Sc0UpP2eBWo9rotpq6g==",
      "funding": {
        "url": "https://github.com/sponsors/ljharb"
      }
    },
    "node_modules/pdf-to-text": {
      "version": "0.0.5",
      "resolved": "git+ssh://git@github.com/quinton-j/pdf-to-text.git#ae57311d11564115199d5900b572ce959722ecd4",
      "license": "ISC"
    }
  },
  "dependencies": {
    "@json2csv/formatters": {
      "version": "6.1.2",
      "resolved": "https://registry.npmjs.org/@json2csv/formatters/-/formatters-6.1.2.tgz",
      "integrity": "sha512-l8i5EdQvHZHrtSgRFEXMkRnIn8CBopT/ecZSIyPKuee9+pm/Sxcb/r/N2jQWARnOQc7uyqQWAtpPpxU7HhZ2tg=="
    },
    "@json2csv/plainjs": {
      "version": "6.1.2",
      "resolved": "https://registry.npmjs.org/@json2csv/plainjs/-/plainjs-6.1.2.tgz",
      "integrity": "sha512-XNcBd6W4G5mlP6ZL13idEx21diQAM5AJgIe78RxRfZctWRppaZrtpiGTzhc/sNv7UM1FpfO/aa5wel4+aQW7MQ==",
      "requires": {
        "@json2csv/formatters": "^6.1.2",
        "@streamparser/json": "^0.0.10",
        "lodash.get": "^4.4.2"
      }
    },
    "@streamparser/json": {
      "version": "0.0.10",
      "resolved": "https://registry.npmjs.org/@streamparser/json/-/json-0.0.10.tgz",
      "integrity": "sha512-juqNFdqqmY/nvsODq1Vba7PWIaqr01VcqICIrxbws97QKSQhQUMml8FqdHLmevwVpqH39H5mVXKFWiWCi1ke0w=="
    },
    "lodash.get": {
      "version": "4.4.2",
      "resolved": "https://registry.npmjs.org/lodash.get/-/lodash.get-4.4.2.tgz",
      "integrity": "sha512-z+Uw/vLuy6gQe8cfaFWD7p0wVv8fJl3mbzXh33RS+0oW2wvUqiRXiQ69gLWSLpgB5/6sU+r6BlQR0MBILadqTQ=="
    },
    "minimist": {
      "version": "1.2.7",
      "resolved": "https://registry.npmjs.org/minimist/-/minimist-1.2.7.tgz",
      "integrity": "sha512-bzfL1YUZsP41gmu/qjrEk0Q6i2ix/cVeAhbCbqH9u3zYutS1cLg00qhrD0M2MVdCcx4Sc0UpP2eBWo9rotpq6g=="
    },
    "pdf-to-text": {
      "version": "git+ssh://git@github.com/quinton-j/pdf-to-text.git#ae57311d11564115199d5900b572ce959722ecd4",
      "from": "pdf-to-text@git+https://github.com/quinton-j/pdf-to-text.git#layout-options"
    }
  }
}
