{
  "name": "credit-pdf-to-csv",
  "version": "0.0.1",
  "lockfileVersion": 2,
  "requires": true,
  "packages": {
    "": {
      "version": "0.0.1",
      "license": "ISC",
      "dependencies": {
        "json2csv": "^5.0.0",
        "minimist": "^1.2.5",
        "pdf-to-text": "git+https://github.com/quinton-j/pdf-to-text.git#layout-options"
      }
    },
    "node_modules/commander": {
      "version": "6.2.1",
      "resolved": "https://registry.npmjs.org/commander/-/commander-6.2.1.tgz",
      "integrity": "sha512-U7VdrJFnJgo4xjrHpTzu0yrHPGImdsmD95ZlgYSEajAn2JKzDhDTPG9kBTefmObL2w/ngeZnilk+OV9CG3d7UA==",
      "engines": {
        "node": ">= 6"
      }
    },
    "node_modules/json2csv": {
      "version": "5.0.6",
      "resolved": "https://registry.npmjs.org/json2csv/-/json2csv-5.0.6.tgz",
      "integrity": "sha512-0/4Lv6IenJV0qj2oBdgPIAmFiKKnh8qh7bmLFJ+/ZZHLjSeiL3fKKGX3UryvKPbxFbhV+JcYo9KUC19GJ/Z/4A==",
      "dependencies": {
        "commander": "^6.1.0",
        "jsonparse": "^1.3.1",
        "lodash.get": "^4.4.2"
      },
      "bin": {
        "json2csv": "bin/json2csv.js"
      },
      "engines": {
        "node": ">= 10",
        "npm": ">= 6.13.0"
      }
    },
    "node_modules/jsonparse": {
      "version": "1.3.1",
      "resolved": "https://registry.npmjs.org/jsonparse/-/jsonparse-1.3.1.tgz",
      "integrity": "sha1-P02uSpH6wxX3EGL4UhzCOfE2YoA=",
      "engines": [
        "node >= 0.2.0"
      ]
    },
    "node_modules/lodash.get": {
      "version": "4.4.2",
      "resolved": "https://registry.npmjs.org/lodash.get/-/lodash.get-4.4.2.tgz",
      "integrity": "sha1-LRd/ZS+jHpObRDjVNBSZ36OCXpk="
    },
    "node_modules/minimist": {
      "version": "1.2.5",
      "resolved": "https://registry.npmjs.org/minimist/-/minimist-1.2.5.tgz",
      "integrity": "sha512-FM9nNUYrRBAELZQT3xeZQ7fmMOBg6nWNmJKTcgsJeaLstP/UODVpGsr5OhXhhXg6f+qtJ8uiZ+PUxkDWcgIXLw=="
    },
    "node_modules/pdf-to-text": {
      "version": "0.0.5",
      "resolved": "git+ssh://git@github.com/quinton-j/pdf-to-text.git#ae57311d11564115199d5900b572ce959722ecd4",
      "license": "ISC"
    }
  },
  "dependencies": {
    "commander": {
      "version": "6.2.1",
      "resolved": "https://registry.npmjs.org/commander/-/commander-6.2.1.tgz",
      "integrity": "sha512-U7VdrJFnJgo4xjrHpTzu0yrHPGImdsmD95ZlgYSEajAn2JKzDhDTPG9kBTefmObL2w/ngeZnilk+OV9CG3d7UA=="
    },
    "json2csv": {
      "version": "5.0.6",
      "resolved": "https://registry.npmjs.org/json2csv/-/json2csv-5.0.6.tgz",
      "integrity": "sha512-0/4Lv6IenJV0qj2oBdgPIAmFiKKnh8qh7bmLFJ+/ZZHLjSeiL3fKKGX3UryvKPbxFbhV+JcYo9KUC19GJ/Z/4A==",
      "requires": {
        "commander": "^6.1.0",
        "jsonparse": "^1.3.1",
        "lodash.get": "^4.4.2"
      }
    },
    "jsonparse": {
      "version": "1.3.1",
      "resolved": "https://registry.npmjs.org/jsonparse/-/jsonparse-1.3.1.tgz",
      "integrity": "sha1-P02uSpH6wxX3EGL4UhzCOfE2YoA="
    },
    "lodash.get": {
      "version": "4.4.2",
      "resolved": "https://registry.npmjs.org/lodash.get/-/lodash.get-4.4.2.tgz",
      "integrity": "sha1-LRd/ZS+jHpObRDjVNBSZ36OCXpk="
    },
    "minimist": {
      "version": "1.2.5",
      "resolved": "https://registry.npmjs.org/minimist/-/minimist-1.2.5.tgz",
      "integrity": "sha512-FM9nNUYrRBAELZQT3xeZQ7fmMOBg6nWNmJKTcgsJeaLstP/UODVpGsr5OhXhhXg6f+qtJ8uiZ+PUxkDWcgIXLw=="
    },
    "pdf-to-text": {
      "version": "git+ssh://git@github.com/quinton-j/pdf-to-text.git#ae57311d11564115199d5900b572ce959722ecd4",
      "from": "pdf-to-text@git+https://github.com/quinton-j/pdf-to-text.git#layout-options"
    }
  }
}
